
Microsoft Visual Studio Solution File, Format Version 12.00
# Visual Studio Version 16
VisualStudioVersion = 16.0.32126.315
MinimumVisualStudioVersion = 15.0.26124.0
Project("{2150E333-8FDC-42A3-9474-1A3956D46DE8}") = "src", "src", "{10B83B43-B851-4B70-B2C3-1CF4E507235E}"
EndProject
Project("{9A19103F-16F7-4668-BE54-9A1E7A4F7556}") = "Insurance.Api", "src\Insurance.Api\Insurance.Api.csproj", "{0633C3FD-55EE-438F-9897-37915CF88F76}"
EndProject
Project("{9A19103F-16F7-4668-BE54-9A1E7A4F7556}") = "Insurance.Api.Test", "tests\Insurance.Tests\Insurance.Api.Test.csproj", "{91B42B0F-9D5A-4E40-9803-CE3C455A1437}"
EndProject
Project("{2150E333-8FDC-42A3-9474-1A3956D46DE8}") = "tests", "tests", "{688513B6-F847-4834-8770-21037905B973}"
EndProject
Project("{FAE04EC0-301F-11D3-BF4B-00C04F79EFBC}") = "Infrastructure", "Infrastructure\Infrastructure.csproj", "{EC0C09BD-A4E2-4636-ACF1-86DC64EECDB5}"
EndProject
Project("{FAE04EC0-301F-11D3-BF4B-00C04F79EFBC}") = "Application", "Application\Application.csproj", "{7F8BE363-AFE4-4EB5-909A-5CE1F8F50669}"
EndProject
Project("{FAE04EC0-301F-11D3-BF4B-00C04F79EFBC}") = "Domain", "Domain\Domain.csproj", "{33F41B2F-2375-495C-A0B8-F5CE55E9C88C}"
EndProject
Global
	GlobalSection(SolutionConfigurationPlatforms) = preSolution
		Debug|Any CPU = Debug|Any CPU
		Debug|x64 = Debug|x64
		Debug|x86 = Debug|x86
		Release|Any CPU = Release|Any CPU
		Release|x64 = Release|x64
		Release|x86 = Release|x86
	EndGlobalSection
	GlobalSection(ProjectConfigurationPlatforms) = postSolution
		{0633C3FD-55EE-438F-9897-37915CF88F76}.Debug|Any CPU.ActiveCfg = Debug|Any CPU
		{0633C3FD-55EE-438F-9897-37915CF88F76}.Debug|Any CPU.Build.0 = Debug|Any CPU
		{0633C3FD-55EE-438F-9897-37915CF88F76}.Debug|x64.ActiveCfg = Debug|Any CPU
		{0633C3FD-55EE-438F-9897-37915CF88F76}.Debug|x64.Build.0 = Debug|Any CPU
		{0633C3FD-55EE-438F-9897-37915CF88F76}.Debug|x86.ActiveCfg = Debug|Any CPU
		{0633C3FD-55EE-438F-9897-37915CF88F76}.Debug|x86.Build.0 = Debug|Any CPU
		{0633C3FD-55EE-438F-9897-37915CF88F76}.Release|Any CPU.ActiveCfg = Release|Any CPU
		{0633C3FD-55EE-438F-9897-37915CF88F76}.Release|Any CPU.Build.0 = Release|Any CPU
		{0633C3FD-55EE-438F-9897-37915CF88F76}.Release|x64.ActiveCfg = Release|Any CPU
		{0633C3FD-55EE-438F-9897-37915CF88F76}.Release|x64.Build.0 = Release|Any CPU
		{0633C3FD-55EE-438F-9897-37915CF88F76}.Release|x86.ActiveCfg = Release|Any CPU
		{0633C3FD-55EE-438F-9897-37915CF88F76}.Release|x86.Build.0 = Release|Any CPU
		{91B42B0F-9D5A-4E40-9803-CE3C455A1437}.Debug|Any CPU.ActiveCfg = Debug|Any CPU
		{91B42B0F-9D5A-4E40-9803-CE3C455A1437}.Debug|Any CPU.Build.0 = Debug|Any CPU
		{91B42B0F-9D5A-4E40-9803-CE3C455A1437}.Debug|x64.ActiveCfg = Debug|Any CPU
		{91B42B0F-9D5A-4E40-9803-CE3C455A1437}.Debug|x64.Build.0 = Debug|Any CPU
		{91B42B0F-9D5A-4E40-9803-CE3C455A1437}.Debug|x86.ActiveCfg = Debug|Any CPU
		{91B42B0F-9D5A-4E40-9803-CE3C455A1437}.Debug|x86.Build.0 = Debug|Any CPU
		{91B42B0F-9D5A-4E40-9803-CE3C455A1437}.Release|Any CPU.ActiveCfg = Release|Any CPU
		{91B42B0F-9D5A-4E40-9803-CE3C455A1437}.Release|Any CPU.Build.0 = Release|Any CPU
		{91B42B0F-9D5A-4E40-9803-CE3C455A1437}.Release|x64.ActiveCfg = Release|Any CPU
		{91B42B0F-9D5A-4E40-9803-CE3C455A1437}.Release|x64.Build.0 = Release|Any CPU
		{91B42B0F-9D5A-4E40-9803-CE3C455A1437}.Release|x86.ActiveCfg = Release|Any CPU
		{91B42B0F-9D5A-4E40-9803-CE3C455A1437}.Release|x86.Build.0 = Release|Any CPU
		{EC0C09BD-A4E2-4636-ACF1-86DC64EECDB5}.Debug|Any CPU.ActiveCfg = Debug|Any CPU
		{EC0C09BD-A4E2-4636-ACF1-86DC64EECDB5}.Debug|Any CPU.Build.0 = Debug|Any CPU
		{EC0C09BD-A4E2-4636-ACF1-86DC64EECDB5}.Debug|x64.ActiveCfg = Debug|Any CPU
		{EC0C09BD-A4E2-4636-ACF1-86DC64EECDB5}.Debug|x64.Build.0 = Debug|Any CPU
		{EC0C09BD-A4E2-4636-ACF1-86DC64EECDB5}.Debug|x86.ActiveCfg = Debug|Any CPU
		{EC0C09BD-A4E2-4636-ACF1-86DC64EECDB5}.Debug|x86.Build.0 = Debug|Any CPU
		{EC0C09BD-A4E2-4636-ACF1-86DC64EECDB5}.Release|Any CPU.ActiveCfg = Release|Any CPU
		{EC0C09BD-A4E2-4636-ACF1-86DC64EECDB5}.Release|Any CPU.Build.0 = Release|Any CPU
		{EC0C09BD-A4E2-4636-ACF1-86DC64EECDB5}.Release|x64.ActiveCfg = Release|Any CPU
		{EC0C09BD-A4E2-4636-ACF1-86DC64EECDB5}.Release|x64.Build.0 = Release|Any CPU
		{EC0C09BD-A4E2-4636-ACF1-86DC64EECDB5}.Release|x86.ActiveCfg = Release|Any CPU
		{EC0C09BD-A4E2-4636-ACF1-86DC64EECDB5}.Release|x86.Build.0 = Release|Any CPU
		{7F8BE363-AFE4-4EB5-909A-5CE1F8F50669}.Debug|Any CPU.ActiveCfg = Debug|Any CPU
		{7F8BE363-AFE4-4EB5-909A-5CE1F8F50669}.Debug|Any CPU.Build.0 = Debug|Any CPU
		{7F8BE363-AFE4-4EB5-909A-5CE1F8F50669}.Debug|x64.ActiveCfg = Debug|Any CPU
		{7F8BE363-AFE4-4EB5-909A-5CE1F8F50669}.Debug|x64.Build.0 = Debug|Any CPU
		{7F8BE363-AFE4-4EB5-909A-5CE1F8F50669}.Debug|x86.ActiveCfg = Debug|Any CPU
		{7F8BE363-AFE4-4EB5-909A-5CE1F8F50669}.Debug|x86.Build.0 = Debug|Any CPU
		{7F8BE363-AFE4-4EB5-909A-5CE1F8F50669}.Release|Any CPU.ActiveCfg = Release|Any CPU
		{7F8BE363-AFE4-4EB5-909A-5CE1F8F50669}.Release|Any CPU.Build.0 = Release|Any CPU
		{7F8BE363-AFE4-4EB5-909A-5CE1F8F50669}.Release|x64.ActiveCfg = Release|Any CPU
		{7F8BE363-AFE4-4EB5-909A-5CE1F8F50669}.Release|x64.Build.0 = Release|Any CPU
		{7F8BE363-AFE4-4EB5-909A-5CE1F8F50669}.Release|x86.ActiveCfg = Release|Any CPU
		{7F8BE363-AFE4-4EB5-909A-5CE1F8F50669}.Release|x86.Build.0 = Release|Any CPU
		{33F41B2F-2375-495C-A0B8-F5CE55E9C88C}.Debug|Any CPU.ActiveCfg = Debug|Any CPU
		{33F41B2F-2375-495C-A0B8-F5CE55E9C88C}.Debug|Any CPU.Build.0 = Debug|Any CPU
		{33F41B2F-2375-495C-A0B8-F5CE55E9C88C}.Debug|x64.ActiveCfg = Debug|Any CPU
		{33F41B2F-2375-495C-A0B8-F5CE55E9C88C}.Debug|x64.Build.0 = Debug|Any CPU
		{33F41B2F-2375-495C-A0B8-F5CE55E9C88C}.Debug|x86.ActiveCfg = Debug|Any CPU
		{33F41B2F-2375-495C-A0B8-F5CE55E9C88C}.Debug|x86.Build.0 = Debug|Any CPU
		{33F41B2F-2375-495C-A0B8-F5CE55E9C88C}.Release|Any CPU.ActiveCfg = Release|Any CPU
		{33F41B2F-2375-495C-A0B8-F5CE55E9C88C}.Release|Any CPU.Build.0 = Release|Any CPU
		{33F41B2F-2375-495C-A0B8-F5CE55E9C88C}.Release|x64.ActiveCfg = Release|Any CPU
		{33F41B2F-2375-495C-A0B8-F5CE55E9C88C}.Release|x64.Build.0 = Release|Any CPU
		{33F41B2F-2375-495C-A0B8-F5CE55E9C88C}.Release|x86.ActiveCfg = Release|Any CPU
		{33F41B2F-2375-495C-A0B8-F5CE55E9C88C}.Release|x86.Build.0 = Release|Any CPU
	EndGlobalSection
	GlobalSection(SolutionProperties) = preSolution
		HideSolutionNode = FALSE
	EndGlobalSection
	GlobalSection(NestedProjects) = preSolution
		{0633C3FD-55EE-438F-9897-37915CF88F76} = {10B83B43-B851-4B70-B2C3-1CF4E507235E}
		{91B42B0F-9D5A-4E40-9803-CE3C455A1437} = {688513B6-F847-4834-8770-21037905B973}
		{EC0C09BD-A4E2-4636-ACF1-86DC64EECDB5} = {10B83B43-B851-4B70-B2C3-1CF4E507235E}
		{7F8BE363-AFE4-4EB5-909A-5CE1F8F50669} = {10B83B43-B851-4B70-B2C3-1CF4E507235E}
		{33F41B2F-2375-495C-A0B8-F5CE55E9C88C} = {10B83B43-B851-4B70-B2C3-1CF4E507235E}
	EndGlobalSection
	GlobalSection(ExtensibilityGlobals) = postSolution
		SolutionGuid = {D7653EA1-0F6C-4183-BF16-63FE16B3882A}
	EndGlobalSection
EndGlobal
